# THIS IS AN AUTOGENERATED FILE. DO NOT EDIT THIS FILE DIRECTLY.
# yarn lockfile v1


"@types/socket.io-client@^1.4.34":
  version "1.4.34"
  resolved "http://npm.perfma-inc.net:80/@types%2fsocket.io-client/-/socket.io-client-1.4.34.tgz#8ca5f5732a9ad92b79aba71083cda5e5821e3ed9"
  integrity sha512-Lzia5OTQFJZJ5R4HsEEldywiiqT9+W2rDbyHJiiTGqOcju89sCsQ8aUXDljY6Ls33wKZZGC0bfMhr/VpOyjtXg==

after@0.8.1:
  version "0.8.1"
  resolved "http://npm.perfma-inc.net:80/after/-/after-0.8.1.tgz#ab5d4fb883f596816d3515f8f791c0af486dd627"
  integrity sha1-q11PuIP1loFtNRX495HAr0ht1ic=

arraybuffer.slice@0.0.6:
  version "0.0.6"
  resolved "http://npm.perfma-inc.net:80/arraybuffer.slice/-/arraybuffer.slice-0.0.6.tgz#f33b2159f0532a3f3107a272c0ccfbd1ad2979ca"
  integrity sha1-8zshWfBTKj8xB6JywMz70a0peco=

backo2@1.0.2:
  version "1.0.2"
  resolved "http://npm.perfma-inc.net:80/backo2/-/backo2-1.0.2.tgz#31ab1ac8b129363463e35b3ebb69f4dfcfba7947"
  integrity sha1-MasayLEpNjRj41s+u2n038+6eUc=

base64-arraybuffer@0.1.2:
  version "0.1.2"
  resolved "http://npm.perfma-inc.net:80/base64-arraybuffer/-/base64-arraybuffer-0.1.2.tgz#474df4a9f2da24e05df3158c3b1db3c3cd46a154"
  integrity sha1-R030qfLaJOBd8xWMOx2zw81GoVQ=

benchmark@1.0.0:
  version "1.0.0"
  resolved "http://npm.perfma-inc.net:80/benchmark/-/benchmark-1.0.0.tgz#2f1e2fa4c359f11122aa183082218e957e390c73"
  integrity sha1-Lx4vpMNZ8REiqhgwgiGOlX45DHM=

better-assert@~1.0.0:
  version "1.0.2"
  resolved "http://npm.perfma-inc.net:80/better-assert/-/better-assert-1.0.2.tgz#40866b9e1b9e0b55b481894311e68faffaebc522"
  integrity sha1-QIZrnhueC1W0gYlDEeaPr/rrxSI=
  dependencies:
    callsite "1.0.0"

blob@0.0.4:
  version "0.0.4"
  resolved "http://npm.perfma-inc.net:80/blob/-/blob-0.0.4.tgz#bcf13052ca54463f30f9fc7e95b9a47630a94921"
  integrity sha1-vPEwUspURj8w+fx+lbmkdjCpSSE=

callsite@1.0.0:
  version "1.0.0"
  resolved "http://npm.perfma-inc.net:80/callsite/-/callsite-1.0.0.tgz#280398e5d664bd74038b6f0905153e6e8af1bc20"
  integrity sha1-KAOY5dZkvXQDi28JBRU+borxvCA=

component-bind@1.0.0:
  version "1.0.0"
  resolved "http://npm.perfma-inc.net:80/component-bind/-/component-bind-1.0.0.tgz#00c608ab7dcd93897c0009651b1d3a8e1e73bbd1"
  integrity sha1-AMYIq33Nk4l8AAllGx06jh5zu9E=

component-emitter@1.1.2:
  version "1.1.2"
  resolved "http://npm.perfma-inc.net:80/component-emitter/-/component-emitter-1.1.2.tgz#296594f2753daa63996d2af08d15a95116c9aec3"
  integrity sha1-KWWU8nU9qmOZbSrwjRWpURbJrsM=

component-emitter@1.2.0:
  version "1.2.0"
  resolved "http://npm.perfma-inc.net:80/component-emitter/-/component-emitter-1.2.0.tgz#ccd113a86388d06482d03de3fc7df98526ba8efe"
  integrity sha1-zNETqGOI0GSC0D3j/H35hSa6jv4=

component-inherit@0.0.3:
  version "0.0.3"
  resolved "http://npm.perfma-inc.net:80/component-inherit/-/component-inherit-0.0.3.tgz#645fc4adf58b72b649d5cae65135619db26ff143"
  integrity sha1-ZF/ErfWLcrZJ1crmUTVhnbJv8UM=

debug@2.2.0:
  version "2.2.0"
  resolved "http://npm.perfma-inc.net:80/debug/-/debug-2.2.0.tgz#f87057e995b1a1f6ae6a4960664137bc56f039da"
  integrity sha1-+HBX6ZWxofauaklgZkE3vFbwOdo=
  dependencies:
    ms "0.7.1"

engine.io-client@1.6.11:
  version "1.6.11"
  resolved "http://npm.perfma-inc.net:80/engine.io-client/-/engine.io-client-1.6.11.tgz#7d250d8fa1c218119ecde51390458a57d5171376"
  integrity sha1-fSUNj6HCGBGezeUTkEWKV9UXE3Y=
  dependencies:
    component-emitter "1.1.2"
    component-inherit "0.0.3"
    debug "2.2.0"
    engine.io-parser "1.2.4"
    has-cors "1.1.0"
    indexof "0.0.1"
    parsejson "0.0.1"
    parseqs "0.0.2"
    parseuri "0.0.4"
    ws "1.0.1"
    xmlhttprequest-ssl "1.5.1"
    yeast "0.1.2"

engine.io-parser@1.2.4:
  version "1.2.4"
  resolved "http://npm.perfma-inc.net:80/engine.io-parser/-/engine.io-parser-1.2.4.tgz#e0897b0bf14e792d4cd2a5950553919c56948c42"
  integrity sha1-4Il7C/FOeS1M0qWVBVORnFaUjEI=
  dependencies:
    after "0.8.1"
    arraybuffer.slice "0.0.6"
    base64-arraybuffer "0.1.2"
    blob "0.0.4"
    has-binary "0.1.6"
    utf8 "2.1.0"

has-binary@0.1.6:
  version "0.1.6"
  resolved "http://npm.perfma-inc.net:80/has-binary/-/has-binary-0.1.6.tgz#25326f39cfa4f616ad8787894e3af2cfbc7b6e10"
  integrity sha1-JTJvOc+k9hath4eJTjryz7x7bhA=
  dependencies:
    isarray "0.0.1"

has-binary@0.1.7:
  version "0.1.7"
  resolved "http://npm.perfma-inc.net:80/has-binary/-/has-binary-0.1.7.tgz#68e61eb16210c9545a0a5cce06a873912fe1e68c"
  integrity sha1-aOYesWIQyVRaClzOBqhzkS/h5ow=
  dependencies:
    isarray "0.0.1"

has-cors@1.1.0:
  version "1.1.0"
  resolved "http://npm.perfma-inc.net:80/has-cors/-/has-cors-1.1.0.tgz#5e474793f7ea9843d1bb99c23eef49ff126fff39"
  integrity sha1-XkdHk/fqmEPRu5nCPu9J/xJv/zk=

indexof@0.0.1:
  version "0.0.1"
  resolved "http://npm.perfma-inc.net:80/indexof/-/indexof-0.0.1.tgz#82dc336d232b9062179d05ab3293a66059fd435d"
  integrity sha1-gtwzbSMrkGIXnQWrMpOmYFn9Q10=

isarray@0.0.1:
  version "0.0.1"
  resolved "http://npm.perfma-inc.net:80/isarray/-/isarray-0.0.1.tgz#8a18acfca9a8f4177e09abfc6038939b05d1eedf"
  integrity sha1-ihis/Kmo9Bd+Cav8YDiTmwXR7t8=

json3@3.3.2:
  version "3.3.2"
  resolved "http://npm.perfma-inc.net:80/json3/-/json3-3.3.2.tgz#3c0434743df93e2f5c42aee7b19bcb483575f4e1"
  integrity sha1-PAQ0dD35Pi9cQq7nsZvLSDV19OE=

ms@0.7.1:
  version "0.7.1"
  resolved "http://npm.perfma-inc.net:80/ms/-/ms-0.7.1.tgz#9cd13c03adbff25b65effde7ce864ee952017098"
  integrity sha1-nNE8A62/8ltl7/3nzoZO6VIBcJg=

object-component@0.0.3:
  version "0.0.3"
  resolved "http://npm.perfma-inc.net:80/object-component/-/object-component-0.0.3.tgz#f0c69aa50efc95b866c186f400a33769cb2f1291"
  integrity sha1-8MaapQ78lbhmwYb0AKM3acsvEpE=

options@>=0.0.5:
  version "0.0.6"
  resolved "http://npm.perfma-inc.net:80/options/-/options-0.0.6.tgz#ec22d312806bb53e731773e7cdaefcf1c643128f"
  integrity sha1-7CLTEoBrtT5zF3Pnza788cZDEo8=

parsejson@0.0.1:
  version "0.0.1"
  resolved "http://npm.perfma-inc.net:80/parsejson/-/parsejson-0.0.1.tgz#9b10c6c0d825ab589e685153826de0a3ba278bcc"
  integrity sha1-mxDGwNglq1ieaFFTgm3go7oni8w=
  dependencies:
    better-assert "~1.0.0"

parseqs@0.0.2:
  version "0.0.2"
  resolved "http://npm.perfma-inc.net:80/parseqs/-/parseqs-0.0.2.tgz#9dfe70b2cddac388bde4f35b1f240fa58adbe6c7"
  integrity sha1-nf5wss3aw4i95PNbHyQPpYrb5sc=
  dependencies:
    better-assert "~1.0.0"

parseuri@0.0.4:
  version "0.0.4"
  resolved "http://npm.perfma-inc.net:80/parseuri/-/parseuri-0.0.4.tgz#806582a39887e1ea18dd5e2fe0e01902268e9350"
  integrity sha1-gGWCo5iH4eoY3V4v4OAZAiaOk1A=
  dependencies:
    better-assert "~1.0.0"

socket.io-client@1.4.8:
  version "1.4.8"
  resolved "http://npm.perfma-inc.net:80/socket.io-client/-/socket.io-client-1.4.8.tgz#481b241e73df140ea1a4fb03486a85ad097f5558"
  integrity sha1-SBskHnPfFA6hpPsDSGqFrQl/VVg=
  dependencies:
    backo2 "1.0.2"
    component-bind "1.0.0"
    component-emitter "1.2.0"
    debug "2.2.0"
    engine.io-client "1.6.11"
    has-binary "0.1.7"
    indexof "0.0.1"
    object-component "0.0.3"
    parseuri "0.0.4"
    socket.io-parser "2.2.6"
    to-array "0.1.4"

socket.io-parser@2.2.6:
  version "2.2.6"
  resolved "http://npm.perfma-inc.net:80/socket.io-parser/-/socket.io-parser-2.2.6.tgz#38dfd61df50dcf8ab1d9e2091322bf902ba28b99"
  integrity sha1-ON/WHfUNz4qx2eIJEyK/kCuii5k=
  dependencies:
    benchmark "1.0.0"
    component-emitter "1.1.2"
    debug "2.2.0"
    isarray "0.0.1"
    json3 "3.3.2"

to-array@0.1.4:
  version "0.1.4"
  resolved "http://npm.perfma-inc.net:80/to-array/-/to-array-0.1.4.tgz#17e6c11f73dd4f3d74cda7a4ff3238e9ad9bf890"
  integrity sha1-F+bBH3PdTz10zaek/zI46a2b+JA=

ultron@1.0.x:
  version "1.0.2"
  resolved "http://npm.perfma-inc.net:80/ultron/-/ultron-1.0.2.tgz#ace116ab557cd197386a4e88f4685378c8b2e4fa"
  integrity sha1-rOEWq1V80Zc4ak6I9GhTeMiy5Po=

utf8@2.1.0:
  version "2.1.0"
  resolved "http://npm.perfma-inc.net:80/utf8/-/utf8-2.1.0.tgz#0cfec5c8052d44a23e3aaa908104e8075f95dfd5"
  integrity sha1-DP7FyAUtRKI+OqqQgQToB1+V39U=

ws@1.0.1:
  version "1.0.1"
  resolved "http://npm.perfma-inc.net:80/ws/-/ws-1.0.1.tgz#7d0b2a2e58cddd819039c29c9de65045e1b310e9"
  integrity sha1-fQsqLljN3YGQOcKcneZQReGzEOk=
  dependencies:
    options ">=0.0.5"
    ultron "1.0.x"

xmlhttprequest-ssl@1.5.1:
  version "1.5.1"
  resolved "http://npm.perfma-inc.net:80/xmlhttprequest-ssl/-/xmlhttprequest-ssl-1.5.1.tgz#3b7741fea4a86675976e908d296d4445961faa67"
  integrity sha1-O3dB/qSoZnWXbpCNKW1ERZYfqmc=

yeast@0.1.2:
  version "0.1.2"
  resolved "http://npm.perfma-inc.net:80/yeast/-/yeast-0.1.2.tgz#008e06d8094320c372dbc2f8ed76a0ca6c8ac419"
  integrity sha1-AI4G2AlDIMNy28L47XagymyKxBk=
